// !$*UTF8*$!
{
	archiveVersion = 1;
	classes = {
	};
	objectVersion = 46;
	objects = {

/* Begin PBXBuildFile section */
		742B2B5420200F8C00C42A75 /* PWebActivityUtility.swift in Sources */ = {isa = PBXBuildFile; fileRef = 742B2B5320200F8C00C42A75 /* PWebActivityUtility.swift */; };
		745463791EB325D300504A4A /* PWebActivity.xcassets in Resources */ = {isa = PBXBuildFile; fileRef = 745463781EB325D300504A4A /* PWebActivity.xcassets */; };
		7454637C1EB325E200504A4A /* Localizable.strings in Resources */ = {isa = PBXBuildFile; fileRef = 7454637A1EB325E200504A4A /* Localizable.strings */; };
		74CC05111EB2F78D00CA05C5 /* PWebActivity.h in Headers */ = {isa = PBXBuildFile; fileRef = 74CC050F1EB2F78D00CA05C5 /* PWebActivity.h */; settings = {ATTRIBUTES = (Public, ); }; };
		74CC05181EB30A4D00CA05C5 /* PSafariActivity.swift in Sources */ = {isa = PBXBuildFile; fileRef = 74CC05171EB30A4D00CA05C5 /* PSafariActivity.swift */; };
		74CC051A1EB30A6300CA05C5 /* PChromeActivity.swift in Sources */ = {isa = PBXBuildFile; fileRef = 74CC05191EB30A6300CA05C5 /* PChromeActivity.swift */; };
/* End PBXBuildFile section */

/* Begin PBXFileReference section */
		742860921EB325FD0084525C /* en */ = {isa = PBXFileReference; lastKnownFileType = text.plist.strings; name = en; path = en.lproj/Localizable.strings; sourceTree = "<group>"; };
		742B2B5320200F8C00C42A75 /* PWebActivityUtility.swift */ = {isa = PBXFileReference; fileEncoding = 4; lastKnownFileType = sourcecode.swift; path = PWebActivityUtility.swift; sourceTree = "<group>"; };
		745463781EB325D300504A4A /* PWebActivity.xcassets */ = {isa = PBXFileReference; lastKnownFileType = folder.assetcatalog; path = PWebActivity.xcassets; sourceTree = "<group>"; };
		7454637B1EB325E200504A4A /* ja */ = {isa = PBXFileReference; lastKnownFileType = text.plist.strings; name = ja; path = ja.lproj/Localizable.strings; sourceTree = "<group>"; };
		74CC050C1EB2F78D00CA05C5 /* PWebActivity.framework */ = {isa = PBXFileReference; explicitFileType = wrapper.framework; includeInIndex = 0; path = PWebActivity.framework; sourceTree = BUILT_PRODUCTS_DIR; };
		74CC050F1EB2F78D00CA05C5 /* PWebActivity.h */ = {isa = PBXFileReference; lastKnownFileType = sourcecode.c.h; path = PWebActivity.h; sourceTree = "<group>"; };
		74CC05101EB2F78D00CA05C5 /* Info.plist */ = {isa = PBXFileReference; lastKnownFileType = text.plist.xml; path = Info.plist; sourceTree = "<group>"; };
		74CC05171EB30A4D00CA05C5 /* PSafariActivity.swift */ = {isa = PBXFileReference; fileEncoding = 4; lastKnownFileType = sourcecode.swift; path = PSafariActivity.swift; sourceTree = "<group>"; };
		74CC05191EB30A6300CA05C5 /* PChromeActivity.swift */ = {isa = PBXFileReference; fileEncoding = 4; lastKnownFileType = sourcecode.swift; path = PChromeActivity.swift; sourceTree = "<group>"; };
/* End PBXFileReference section */

/* Begin PBXFrameworksBuildPhase section */
		74CC05081EB2F78D00CA05C5 /* Frameworks */ = {
			isa = PBXFrameworksBuildPhase;
			buildActionMask = 2147483647;
			files = (
			);
			runOnlyForDeploymentPostprocessing = 0;
		};
/* End PBXFrameworksBuildPhase section */

/* Begin PBXGroup section */
		74CC05021EB2F78D00CA05C5 = {
			isa = PBXGroup;
			children = (
				74CC050E1EB2F78D00CA05C5 /* PWebActivity */,
				74CC050D1EB2F78D00CA05C5 /* Products */,
			);
			sourceTree = "<group>";
		};
		74CC050D1EB2F78D00CA05C5 /* Products */ = {
			isa = PBXGroup;
			children = (
				74CC050C1EB2F78D00CA05C5 /* PWebActivity.framework */,
			);
			name = Products;
			sourceTree = "<group>";
		};
		74CC050E1EB2F78D00CA05C5 /* PWebActivity */ = {
			isa = PBXGroup;
			children = (
				74CC050F1EB2F78D00CA05C5 /* PWebActivity.h */,
				74CC05101EB2F78D00CA05C5 /* Info.plist */,
				74CC05191EB30A6300CA05C5 /* PChromeActivity.swift */,
				74CC05171EB30A4D00CA05C5 /* PSafariActivity.swift */,
				742B2B5320200F8C00C42A75 /* PWebActivityUtility.swift */,
				745463781EB325D300504A4A /* PWebActivity.xcassets */,
				7454637A1EB325E200504A4A /* Localizable.strings */,
			);
			path = PWebActivity;
			sourceTree = "<group>";
		};
/* End PBXGroup section */

/* Begin PBXHeadersBuildPhase section */
		74CC05091EB2F78D00CA05C5 /* Headers */ = {
			isa = PBXHeadersBuildPhase;
			buildActionMask = 2147483647;
			files = (
				74CC05111EB2F78D00CA05C5 /* PWebActivity.h in Headers */,
			);
			runOnlyForDeploymentPostprocessing = 0;
		};
/* End PBXHeadersBuildPhase section */

/* Begin PBXNativeTarget section */
		74CC050B1EB2F78D00CA05C5 /* PWebActivity */ = {
			isa = PBXNativeTarget;
			buildConfigurationList = 74CC05141EB2F78D00CA05C5 /* Build configuration list for PBXNativeTarget "PWebActivity" */;
			buildPhases = (
				74CC05071EB2F78D00CA05C5 /* Sources */,
				74CC05081EB2F78D00CA05C5 /* Frameworks */,
				74CC05091EB2F78D00CA05C5 /* Headers */,
				74CC050A1EB2F78D00CA05C5 /* Resources */,
			);
			buildRules = (
			);
			dependencies = (
			);
			name = PWebActivity;
			productName = PWebActivity;
			productReference = 74CC050C1EB2F78D00CA05C5 /* PWebActivity.framework */;
			productType = "com.apple.product-type.framework";
		};
/* End PBXNativeTarget section */

/* Begin PBXProject section */
		74CC05031EB2F78D00CA05C5 /* Project object */ = {
			isa = PBXProject;
			attributes = {
				LastUpgradeCheck = 1220;
				ORGANIZATIONNAME = "PINO K.K.";
				TargetAttributes = {
					74CC050B1EB2F78D00CA05C5 = {
						CreatedOnToolsVersion = 8.3.2;
						DevelopmentTeam = 6ZLZTC243Z;
						LastSwiftMigration = 1220;
						ProvisioningStyle = Automatic;
					};
				};
			};
			buildConfigurationList = 74CC05061EB2F78D00CA05C5 /* Build configuration list for PBXProject "PWebActivity" */;
			compatibilityVersion = "Xcode 3.2";
			developmentRegion = en;
			hasScannedForEncodings = 0;
			knownRegions = (
				en,
				ja,
				Base,
			);
			mainGroup = 74CC05021EB2F78D00CA05C5;
			productRefGroup = 74CC050D1EB2F78D00CA05C5 /* Products */;
			projectDirPath = "";
			projectRoot = "";
			targets = (
				74CC050B1EB2F78D00CA05C5 /* PWebActivity */,
			);
		};
/* End PBXProject section */

/* Begin PBXResourcesBuildPhase section */
		74CC050A1EB2F78D00CA05C5 /* Resources */ = {
			isa = PBXResourcesBuildPhase;
			buildActionMask = 2147483647;
			files = (
				745463791EB325D300504A4A /* PWebActivity.xcassets in Resources */,
				7454637C1EB325E200504A4A /* Localizable.strings in Resources */,
			);
			runOnlyForDeploymentPostprocessing = 0;
		};
/* End PBXResourcesBuildPhase section */

/* Begin PBXSourcesBuildPhase section */
		74CC05071EB2F78D00CA05C5 /* Sources */ = {
			isa = PBXSourcesBuildPhase;
			buildActionMask = 2147483647;
			files = (
				742B2B5420200F8C00C42A75 /* PWebActivityUtility.swift in Sources */,
				74CC05181EB30A4D00CA05C5 /* PSafariActivity.swift in Sources */,
				74CC051A1EB30A6300CA05C5 /* PChromeActivity.swift in Sources */,
			);
			runOnlyForDeploymentPostprocessing = 0;
		};
/* End PBXSourcesBuildPhase section */

/* Begin PBXVariantGroup section */
		7454637A1EB325E200504A4A /* Localizable.strings */ = {
			isa = PBXVariantGroup;
			children = (
				7454637B1EB325E200504A4A /* ja */,
				742860921EB325FD0084525C /* en */,
			);
			name = Localizable.strings;
			sourceTree = "<group>";
		};
/* End PBXVariantGroup section */

/* Begin XCBuildConfiguration section */
		74CC05121EB2F78D00CA05C5 /* Debug */ = {
			isa = XCBuildConfiguration;
			buildSettings = {
				ALWAYS_SEARCH_USER_PATHS = NO;
				CLANG_ANALYZER_LOCALIZABILITY_NONLOCALIZED = YES;
				CLANG_ANALYZER_NONNULL = YES;
				CLANG_ANALYZER_NUMBER_OBJECT_CONVERSION = YES_AGGRESSIVE;
				CLANG_CXX_LANGUAGE_STANDARD = "gnu++0x";
				CLANG_CXX_LIBRARY = "libc++";
				CLANG_ENABLE_MODULES = YES;
				CLANG_ENABLE_OBJC_ARC = YES;
				CLANG_WARN_BLOCK_CAPTURE_AUTORELEASING = YES;
				CLANG_WARN_BOOL_CONVERSION = YES;
				CLANG_WARN_COMMA = YES;
				CLANG_WARN_CONSTANT_CONVERSION = YES;
				CLANG_WARN_DEPRECATED_OBJC_IMPLEMENTATIONS = YES;
				CLANG_WARN_DIRECT_OBJC_ISA_USAGE = YES_ERROR;
				CLANG_WARN_DOCUMENTATION_COMMENTS = YES;
				CLANG_WARN_EMPTY_BODY = YES;
				CLANG_WARN_ENUM_CONVERSION = YES;
				CLANG_WARN_INFINITE_RECURSION = YES;
				CLANG_WARN_INT_CONVERSION = YES;
				CLANG_WARN_NON_LITERAL_NULL_CONVERSION = YES;
				CLANG_WARN_OBJC_IMPLICIT_RETAIN_SELF = YES;
				CLANG_WARN_OBJC_LITERAL_CONVERSION = YES;
				CLANG_WARN_OBJC_ROOT_CLASS = YES_ERROR;
				CLANG_WARN_QUOTED_INCLUDE_IN_FRAMEWORK_HEADER = YES;
				CLANG_WARN_RANGE_LOOP_ANALYSIS = YES;
				CLANG_WARN_STRICT_PROTOTYPES = YES;
				CLANG_WARN_SUSPICIOUS_MOVE = YES;
				CLANG_WARN_UNREACHABLE_CODE = YES;
				CLANG_WARN__DUPLICATE_METHOD_MATCH = YES;
				"CODE_SIGN_IDENTITY[sdk=iphoneos*]" = "iPhone Developer";
				COPY_PHASE_STRIP = NO;
				CURRENT_PROJECT_VERSION = 1;
				DEBUG_INFORMATION_FORMAT = dwarf;
				ENABLE_STRICT_OBJC_MSGSEND = YES;
				ENABLE_TESTABILITY = YES;
				GCC_C_LANGUAGE_STANDARD = gnu99;
				GCC_DYNAMIC_NO_PIC = NO;
				GCC_NO_COMMON_BLOCKS = YES;
				GCC_OPTIMIZATION_LEVEL = 0;
				GCC_PREPROCESSOR_DEFINITIONS = (
					"DEBUG=1",
					"$(inherited)",
				);
				GCC_WARN_64_TO_32_BIT_CONVERSION = YES;
				GCC_WARN_ABOUT_RETURN_TYPE = YES_ERROR;
				GCC_WARN_UNDECLARED_SELECTOR = YES;
				GCC_WARN_UNINITIALIZED_AUTOS = YES_AGGRESSIVE;
				GCC_WARN_UNUSED_FUNCTION = YES;
				GCC_WARN_UNUSED_VARIABLE = YES;
				IPHONEOS_DEPLOYMENT_TARGET = 10.0;
				MTL_ENABLE_DEBUG_INFO = YES;
				ONLY_ACTIVE_ARCH = YES;
				SDKROOT = iphoneos;
				SWIFT_ACTIVE_COMPILATION_CONDITIONS = DEBUG;
				SWIFT_OPTIMIZATION_LEVEL = "-Onone";
				TARGETED_DEVICE_FAMILY = "1,2";
				VERSIONING_SYSTEM = "apple-generic";
				VERSION_INFO_PREFIX = "";
			};
			name = Debug;
		};
		74CC05131EB2F78D00CA05C5 /* Release */ = {
			isa = XCBuildConfiguration;
			buildSettings = {
				ALWAYS_SEARCH_USER_PATHS = NO;
				CLANG_ANALYZER_LOCALIZABILITY_NONLOCALIZED = YES;
				CLANG_ANALYZER_NONNULL = YES;
				CLANG_ANALYZER_NUMBER_OBJECT_CONVERSION = YES_AGGRESSIVE;
				CLANG_CXX_LANGUAGE_STANDARD = "gnu++0x";
				CLANG_CXX_LIBRARY = "libc++";
				CLANG_ENABLE_MODULES = YES;
				CLANG_ENABLE_OBJC_ARC = YES;
				CLANG_WARN_BLOCK_CAPTURE_AUTORELEASING = YES;
				CLANG_WARN_BOOL_CONVERSION = YES;
				CLANG_WARN_COMMA = YES;
				CLANG_WARN_CONSTANT_CONVERSION = YES;
				CLANG_WARN_DEPRECATED_OBJC_IMPLEMENTATIONS = YES;
				CLANG_WARN_DIRECT_OBJC_ISA_USAGE = YES_ERROR;
				CLANG_WARN_DOCUMENTATION_COMMENTS = YES;
				CLANG_WARN_EMPTY_BODY = YES;
				CLANG_WARN_ENUM_CONVERSION = YES;
				CLANG_WARN_INFINITE_RECURSION = YES;
				CLANG_WARN_INT_CONVERSION = YES;
				CLANG_WARN_NON_LITERAL_NULL_CONVERSION = YES;
				CLANG_WARN_OBJC_IMPLICIT_RETAIN_SELF = YES;
				CLANG_WARN_OBJC_LITERAL_CONVERSION = YES;
				CLANG_WARN_OBJC_ROOT_CLASS = YES_ERROR;
				CLANG_WARN_QUOTED_INCLUDE_IN_FRAMEWORK_HEADER = YES;
				CLANG_WARN_RANGE_LOOP_ANALYSIS = YES;
				CLANG_WARN_STRICT_PROTOTYPES = YES;
				CLANG_WARN_SUSPICIOUS_MOVE = YES;
				CLANG_WARN_UNREACHABLE_CODE = YES;
				CLANG_WARN__DUPLICATE_METHOD_MATCH = YES;
				"CODE_SIGN_IDENTITY[sdk=iphoneos*]" = "iPhone Developer";
				COPY_PHASE_STRIP = NO;
				CURRENT_PROJECT_VERSION = 1;
				DEBUG_INFORMATION_FORMAT = "dwarf-with-dsym";
				ENABLE_NS_ASSERTIONS = NO;
				ENABLE_STRICT_OBJC_MSGSEND = YES;
				GCC_C_LANGUAGE_STANDARD = gnu99;
				GCC_NO_COMMON_BLOCKS = YES;
				GCC_WARN_64_TO_32_BIT_CONVERSION = YES;
				GCC_WARN_ABOUT_RETURN_TYPE = YES_ERROR;
				GCC_WARN_UNDECLARED_SELECTOR = YES;
				GCC_WARN_UNINITIALIZED_AUTOS = YES_AGGRESSIVE;
				GCC_WARN_UNUSED_FUNCTION = YES;
				GCC_WARN_UNUSED_VARIABLE = YES;
				IPHONEOS_DEPLOYMENT_TARGET = 10.0;
				MTL_ENABLE_DEBUG_INFO = NO;
				SDKROOT = iphoneos;
				SWIFT_OPTIMIZATION_LEVEL = "-Owholemodule";
				TARGETED_DEVICE_FAMILY = "1,2";
				VALIDATE_PRODUCT = YES;
				VERSIONING_SYSTEM = "apple-generic";
				VERSION_INFO_PREFIX = "";
			};
			name = Release;
		};
		74CC05151EB2F78D00CA05C5 /* Debug */ = {
			isa = XCBuildConfiguration;
			buildSettings = {
				CLANG_ENABLE_MODULES = YES;
				CODE_SIGN_IDENTITY = "";
				DEFINES_MODULE = YES;
				DEVELOPMENT_TEAM = 6ZLZTC243Z;
				DYLIB_COMPATIBILITY_VERSION = 1;
				DYLIB_CURRENT_VERSION = 1;
				DYLIB_INSTALL_NAME_BASE = "@rpath";
				INFOPLIST_FILE = PWebActivity/Info.plist;
				INSTALL_PATH = "$(LOCAL_LIBRARY_DIR)/Frameworks";
				LD_RUNPATH_SEARCH_PATHS = "$(inherited) @executable_path/Frameworks @loader_path/Frameworks";
				PRODUCT_BUNDLE_IDENTIFIER = io.pinokk.PWebActivity;
				PRODUCT_NAME = "$(TARGET_NAME)";
				SKIP_INSTALL = YES;
				SWIFT_OPTIMIZATION_LEVEL = "-Onone";
				SWIFT_VERSION = 5.0;
			};
			name = Debug;
		};
		74CC05161EB2F78D00CA05C5 /* Release */ = {
			isa = XCBuildConfiguration;
			buildSettings = {
				CLANG_ENABLE_MODULES = YES;
				CODE_SIGN_IDENTITY = "";
				DEFINES_MODULE = YES;
				DEVELOPMENT_TEAM = 6ZLZTC243Z;
				DYLIB_COMPATIBILITY_VERSION = 1;
				DYLIB_CURRENT_VERSION = 1;
				DYLIB_INSTALL_NAME_BASE = "@rpath";
				INFOPLIST_FILE = PWebActivity/Info.plist;
				INSTALL_PATH = "$(LOCAL_LIBRARY_DIR)/Frameworks";
				LD_RUNPATH_SEARCH_PATHS = "$(inherited) @executable_path/Frameworks @loader_path/Frameworks";
				PRODUCT_BUNDLE_IDENTIFIER = io.pinokk.PWebActivity;
				PRODUCT_NAME = "$(TARGET_NAME)";
				SKIP_INSTALL = YES;
				SWIFT_VERSION = 5.0;
			};
			name = Release;
		};
/* End XCBuildConfiguration section */

/* Begin XCConfigurationList section */
		74CC05061EB2F78D00CA05C5 /* Build configuration list for PBXProject "PWebActivity" */ = {
			isa = XCConfigurationList;
			buildConfigurations = (
				74CC05121EB2F78D00CA05C5 /* Debug */,
				74CC05131EB2F78D00CA05C5 /* Release */,
			);
			defaultConfigurationIsVisible = 0;
			defaultConfigurationName = Release;
		};
		74CC05141EB2F78D00CA05C5 /* Build configuration list for PBXNativeTarget "PWebActivity" */ = {
			isa = XCConfigurationList;
			buildConfigurations = (
				74CC05151EB2F78D00CA05C5 /* Debug */,
				74CC05161EB2F78D00CA05C5 /* Release */,
			);
			defaultConfigurationIsVisible = 0;
			defaultConfigurationName = Release;
		};
/* End XCConfigurationList section */
	};
	rootObject = 74CC05031EB2F78D00CA05C5 /* Project object */;
}
